{
    "name": "app",
    "version": "1.0.0",
    "lockfileVersion": 1,
    "requires": true,
    "dependencies": {
        "oracledb": {
            "version": "5.0.0",
            "resolved": "https://registry.npmjs.org/oracledb/-/oracledb-5.0.0.tgz",
            "integrity": "sha512-NLE3t6KiAkpBHA1/zgjNiKaa9Z4Nnp4PuB3d0b3Kz4C8klrIrMKfHIGUySlwqgDW588m7/2hnPxU7PH6wjBd6g=="
        }
    }
}